
Microsoft Visual Studio Solution File, Format Version 12.00
# Visual Studio 15
VisualStudioVersion = 15.0.28307.168
MinimumVisualStudioVersion = 10.0.40219.1
Project("{FAE04EC0-301F-11D3-BF4B-00C04F79EFBC}") = "C0725642_week3", "C0725642_week3\C0725642_week3.csproj", "{0B5E9908-E15C-4CF4-A10B-0432DBB98827}"
EndProject
Global
	GlobalSection(SolutionConfigurationPlatforms) = preSolution
		Debug|Any CPU = Debug|Any CPU
		Release|Any CPU = Release|Any CPU
	EndGlobalSection
	GlobalSection(ProjectConfigurationPlatforms) = postSolution
		{0B5E9908-E15C-4CF4-A10B-0432DBB98827}.Debug|Any CPU.ActiveCfg = Debug|Any CPU
		{0B5E9908-E15C-4CF4-A10B-0432DBB98827}.Debug|Any CPU.Build.0 = Debug|Any CPU
		{0B5E9908-E15C-4CF4-A10B-0432DBB98827}.Release|Any CPU.ActiveCfg = Release|Any CPU
		{0B5E9908-E15C-4CF4-A10B-0432DBB98827}.Release|Any CPU.Build.0 = Release|Any CPU
	EndGlobalSection
	GlobalSection(SolutionProperties) = preSolution
		HideSolutionNode = FALSE
	EndGlobalSection
	GlobalSection(ExtensibilityGlobals) = postSolution
		SolutionGuid = {49732ECA-75E4-4338-A4F0-BF86D77532A7}
	EndGlobalSection
EndGlobal
